
Microsoft Visual Studio Solution File, Format Version 12.00
# Visual Studio Version 17
VisualStudioVersion = 17.0.31903.59
MinimumVisualStudioVersion = 10.0.40219.1
Project("{2150E333-8FDC-42A3-9474-1A3956D46DE8}") = "src", "src", "{827E0CD3-B72D-47B6-A68D-7590B98EB39B}"
EndProject
Project("{FAE04EC0-301F-11D3-BF4B-00C04F79EFBC}") = "CatalogAPI.Domain", "src\CatalogAPI.Domain\CatalogAPI.Domain.csproj", "{E4C7DCEE-F59D-4839-AA7F-60A232D0B83E}"
EndProject
Project("{FAE04EC0-301F-11D3-BF4B-00C04F79EFBC}") = "CatalogAPI.Application", "src\CatalogAPI.Application\CatalogAPI.Application.csproj", "{E2676C20-C978-4C68-B510-5C892A6752FD}"
EndProject
Project("{FAE04EC0-301F-11D3-BF4B-00C04F79EFBC}") = "CatalogAPI.Infrastructure", "src\CatalogAPI.Infrastructure\CatalogAPI.Infrastructure.csproj", "{AEA11481-8E6B-413B-957D-E96B6090ABD1}"
EndProject
Project("{FAE04EC0-301F-11D3-BF4B-00C04F79EFBC}") = "CatalogAPI.CrossCutting", "src\CatalogAPI.CrossCutting\CatalogAPI.CrossCutting.csproj", "{12FE15F6-0C4C-4532-AF44-68D86AEF866D}"
EndProject
Project("{FAE04EC0-301F-11D3-BF4B-00C04F79EFBC}") = "CatalogAPI.API", "src\CatalogAPI.API\CatalogAPI.API.csproj", "{3C30C858-B915-41D1-A411-DB938797C2AD}"
EndProject
Project("{FAE04EC0-301F-11D3-BF4B-00C04F79EFBC}") = "Shared.Contracts", "src\Shared.Contracts\Shared.Contracts.csproj", "{0C040B16-2343-4773-AAB9-1CD501A8D650}"
EndProject
Project("{2150E333-8FDC-42A3-9474-1A3956D46DE8}") = "tests", "tests", "{0AB3BF05-4346-4AA6-1389-037BE0695223}"
EndProject
Project("{FAE04EC0-301F-11D3-BF4B-00C04F79EFBC}") = "CatalogAPI.Tests", "tests\CatalogAPI.Tests\CatalogAPI.Tests.csproj", "{BE206511-355C-44FD-9E34-BAA81C52CA92}"
EndProject
Global
	GlobalSection(SolutionConfigurationPlatforms) = preSolution
		Debug|Any CPU = Debug|Any CPU
		Debug|x64 = Debug|x64
		Debug|x86 = Debug|x86
		Release|Any CPU = Release|Any CPU
		Release|x64 = Release|x64
		Release|x86 = Release|x86
	EndGlobalSection
	GlobalSection(ProjectConfigurationPlatforms) = postSolution
		{E4C7DCEE-F59D-4839-AA7F-60A232D0B83E}.Debug|Any CPU.ActiveCfg = Debug|Any CPU
		{E4C7DCEE-F59D-4839-AA7F-60A232D0B83E}.Debug|Any CPU.Build.0 = Debug|Any CPU
		{E4C7DCEE-F59D-4839-AA7F-60A232D0B83E}.Debug|x64.ActiveCfg = Debug|Any CPU
		{E4C7DCEE-F59D-4839-AA7F-60A232D0B83E}.Debug|x64.Build.0 = Debug|Any CPU
		{E4C7DCEE-F59D-4839-AA7F-60A232D0B83E}.Debug|x86.ActiveCfg = Debug|Any CPU
		{E4C7DCEE-F59D-4839-AA7F-60A232D0B83E}.Debug|x86.Build.0 = Debug|Any CPU
		{E4C7DCEE-F59D-4839-AA7F-60A232D0B83E}.Release|Any CPU.ActiveCfg = Release|Any CPU
		{E4C7DCEE-F59D-4839-AA7F-60A232D0B83E}.Release|Any CPU.Build.0 = Release|Any CPU
		{E4C7DCEE-F59D-4839-AA7F-60A232D0B83E}.Release|x64.ActiveCfg = Release|Any CPU
		{E4C7DCEE-F59D-4839-AA7F-60A232D0B83E}.Release|x64.Build.0 = Release|Any CPU
		{E4C7DCEE-F59D-4839-AA7F-60A232D0B83E}.Release|x86.ActiveCfg = Release|Any CPU
		{E4C7DCEE-F59D-4839-AA7F-60A232D0B83E}.Release|x86.Build.0 = Release|Any CPU
		{E2676C20-C978-4C68-B510-5C892A6752FD}.Debug|Any CPU.ActiveCfg = Debug|Any CPU
		{E2676C20-C978-4C68-B510-5C892A6752FD}.Debug|Any CPU.Build.0 = Debug|Any CPU
		{E2676C20-C978-4C68-B510-5C892A6752FD}.Debug|x64.ActiveCfg = Debug|Any CPU
		{E2676C20-C978-4C68-B510-5C892A6752FD}.Debug|x64.Build.0 = Debug|Any CPU
		{E2676C20-C978-4C68-B510-5C892A6752FD}.Debug|x86.ActiveCfg = Debug|Any CPU
		{E2676C20-C978-4C68-B510-5C892A6752FD}.Debug|x86.Build.0 = Debug|Any CPU
		{E2676C20-C978-4C68-B510-5C892A6752FD}.Release|Any CPU.ActiveCfg = Release|Any CPU
		{E2676C20-C978-4C68-B510-5C892A6752FD}.Release|Any CPU.Build.0 = Release|Any CPU
		{E2676C20-C978-4C68-B510-5C892A6752FD}.Release|x64.ActiveCfg = Release|Any CPU
		{E2676C20-C978-4C68-B510-5C892A6752FD}.Release|x64.Build.0 = Release|Any CPU
		{E2676C20-C978-4C68-B510-5C892A6752FD}.Release|x86.ActiveCfg = Release|Any CPU
		{E2676C20-C978-4C68-B510-5C892A6752FD}.Release|x86.Build.0 = Release|Any CPU
		{AEA11481-8E6B-413B-957D-E96B6090ABD1}.Debug|Any CPU.ActiveCfg = Debug|Any CPU
		{AEA11481-8E6B-413B-957D-E96B6090ABD1}.Debug|Any CPU.Build.0 = Debug|Any CPU
		{AEA11481-8E6B-413B-957D-E96B6090ABD1}.Debug|x64.ActiveCfg = Debug|Any CPU
		{AEA11481-8E6B-413B-957D-E96B6090ABD1}.Debug|x64.Build.0 = Debug|Any CPU
		{AEA11481-8E6B-413B-957D-E96B6090ABD1}.Debug|x86.ActiveCfg = Debug|Any CPU
		{AEA11481-8E6B-413B-957D-E96B6090ABD1}.Debug|x86.Build.0 = Debug|Any CPU
		{AEA11481-8E6B-413B-957D-E96B6090ABD1}.Release|Any CPU.ActiveCfg = Release|Any CPU
		{AEA11481-8E6B-413B-957D-E96B6090ABD1}.Release|Any CPU.Build.0 = Release|Any CPU
		{AEA11481-8E6B-413B-957D-E96B6090ABD1}.Release|x64.ActiveCfg = Release|Any CPU
		{AEA11481-8E6B-413B-957D-E96B6090ABD1}.Release|x64.Build.0 = Release|Any CPU
		{AEA11481-8E6B-413B-957D-E96B6090ABD1}.Release|x86.ActiveCfg = Release|Any CPU
		{AEA11481-8E6B-413B-957D-E96B6090ABD1}.Release|x86.Build.0 = Release|Any CPU
		{12FE15F6-0C4C-4532-AF44-68D86AEF866D}.Debug|Any CPU.ActiveCfg = Debug|Any CPU
		{12FE15F6-0C4C-4532-AF44-68D86AEF866D}.Debug|Any CPU.Build.0 = Debug|Any CPU
		{12FE15F6-0C4C-4532-AF44-68D86AEF866D}.Debug|x64.ActiveCfg = Debug|Any CPU
		{12FE15F6-0C4C-4532-AF44-68D86AEF866D}.Debug|x64.Build.0 = Debug|Any CPU
		{12FE15F6-0C4C-4532-AF44-68D86AEF866D}.Debug|x86.ActiveCfg = Debug|Any CPU
		{12FE15F6-0C4C-4532-AF44-68D86AEF866D}.Debug|x86.Build.0 = Debug|Any CPU
		{12FE15F6-0C4C-4532-AF44-68D86AEF866D}.Release|Any CPU.ActiveCfg = Release|Any CPU
		{12FE15F6-0C4C-4532-AF44-68D86AEF866D}.Release|Any CPU.Build.0 = Release|Any CPU
		{12FE15F6-0C4C-4532-AF44-68D86AEF866D}.Release|x64.ActiveCfg = Release|Any CPU
		{12FE15F6-0C4C-4532-AF44-68D86AEF866D}.Release|x64.Build.0 = Release|Any CPU
		{12FE15F6-0C4C-4532-AF44-68D86AEF866D}.Release|x86.ActiveCfg = Release|Any CPU
		{12FE15F6-0C4C-4532-AF44-68D86AEF866D}.Release|x86.Build.0 = Release|Any CPU
		{3C30C858-B915-41D1-A411-DB938797C2AD}.Debug|Any CPU.ActiveCfg = Debug|Any CPU
		{3C30C858-B915-41D1-A411-DB938797C2AD}.Debug|Any CPU.Build.0 = Debug|Any CPU
		{3C30C858-B915-41D1-A411-DB938797C2AD}.Debug|x64.ActiveCfg = Debug|Any CPU
		{3C30C858-B915-41D1-A411-DB938797C2AD}.Debug|x64.Build.0 = Debug|Any CPU
		{3C30C858-B915-41D1-A411-DB938797C2AD}.Debug|x86.ActiveCfg = Debug|Any CPU
		{3C30C858-B915-41D1-A411-DB938797C2AD}.Debug|x86.Build.0 = Debug|Any CPU
		{3C30C858-B915-41D1-A411-DB938797C2AD}.Release|Any CPU.ActiveCfg = Release|Any CPU
		{3C30C858-B915-41D1-A411-DB938797C2AD}.Release|Any CPU.Build.0 = Release|Any CPU
		{3C30C858-B915-41D1-A411-DB938797C2AD}.Release|x64.ActiveCfg = Release|Any CPU
		{3C30C858-B915-41D1-A411-DB938797C2AD}.Release|x64.Build.0 = Release|Any CPU
		{3C30C858-B915-41D1-A411-DB938797C2AD}.Release|x86.ActiveCfg = Release|Any CPU
		{3C30C858-B915-41D1-A411-DB938797C2AD}.Release|x86.Build.0 = Release|Any CPU
		{BE206511-355C-44FD-9E34-BAA81C52CA92}.Debug|Any CPU.ActiveCfg = Debug|Any CPU
		{BE206511-355C-44FD-9E34-BAA81C52CA92}.Debug|Any CPU.Build.0 = Debug|Any CPU
		{BE206511-355C-44FD-9E34-BAA81C52CA92}.Debug|x64.ActiveCfg = Debug|Any CPU
		{BE206511-355C-44FD-9E34-BAA81C52CA92}.Debug|x64.Build.0 = Debug|Any CPU
		{BE206511-355C-44FD-9E34-BAA81C52CA92}.Debug|x86.ActiveCfg = Debug|Any CPU
		{BE206511-355C-44FD-9E34-BAA81C52CA92}.Debug|x86.Build.0 = Debug|Any CPU
		{BE206511-355C-44FD-9E34-BAA81C52CA92}.Release|Any CPU.ActiveCfg = Release|Any CPU
		{BE206511-355C-44FD-9E34-BAA81C52CA92}.Release|Any CPU.Build.0 = Release|Any CPU
		{BE206511-355C-44FD-9E34-BAA81C52CA92}.Release|x64.ActiveCfg = Release|Any CPU
		{BE206511-355C-44FD-9E34-BAA81C52CA92}.Release|x64.Build.0 = Release|Any CPU
		{BE206511-355C-44FD-9E34-BAA81C52CA92}.Release|x86.ActiveCfg = Release|Any CPU
		{BE206511-355C-44FD-9E34-BAA81C52CA92}.Release|x86.Build.0 = Release|Any CPU
		{0C040B16-2343-4773-AAB9-1CD501A8D650}.Debug|Any CPU.ActiveCfg = Debug|Any CPU
		{0C040B16-2343-4773-AAB9-1CD501A8D650}.Debug|Any CPU.Build.0 = Debug|Any CPU
		{0C040B16-2343-4773-AAB9-1CD501A8D650}.Debug|x64.ActiveCfg = Debug|Any CPU
		{0C040B16-2343-4773-AAB9-1CD501A8D650}.Debug|x64.Build.0 = Debug|Any CPU
		{0C040B16-2343-4773-AAB9-1CD501A8D650}.Debug|x86.ActiveCfg = Debug|Any CPU
		{0C040B16-2343-4773-AAB9-1CD501A8D650}.Debug|x86.Build.0 = Debug|Any CPU
		{0C040B16-2343-4773-AAB9-1CD501A8D650}.Release|Any CPU.ActiveCfg = Release|Any CPU
		{0C040B16-2343-4773-AAB9-1CD501A8D650}.Release|Any CPU.Build.0 = Release|Any CPU
		{0C040B16-2343-4773-AAB9-1CD501A8D650}.Release|x64.ActiveCfg = Release|Any CPU
		{0C040B16-2343-4773-AAB9-1CD501A8D650}.Release|x64.Build.0 = Release|Any CPU
		{0C040B16-2343-4773-AAB9-1CD501A8D650}.Release|x86.ActiveCfg = Release|Any CPU
		{0C040B16-2343-4773-AAB9-1CD501A8D650}.Release|x86.Build.0 = Release|Any CPU
	EndGlobalSection
	GlobalSection(SolutionProperties) = preSolution
		HideSolutionNode = FALSE
	EndGlobalSection
	GlobalSection(NestedProjects) = preSolution
		{E4C7DCEE-F59D-4839-AA7F-60A232D0B83E} = {827E0CD3-B72D-47B6-A68D-7590B98EB39B}
		{E2676C20-C978-4C68-B510-5C892A6752FD} = {827E0CD3-B72D-47B6-A68D-7590B98EB39B}
		{AEA11481-8E6B-413B-957D-E96B6090ABD1} = {827E0CD3-B72D-47B6-A68D-7590B98EB39B}
		{12FE15F6-0C4C-4532-AF44-68D86AEF866D} = {827E0CD3-B72D-47B6-A68D-7590B98EB39B}
		{3C30C858-B915-41D1-A411-DB938797C2AD} = {827E0CD3-B72D-47B6-A68D-7590B98EB39B}
		{0C040B16-2343-4773-AAB9-1CD501A8D650} = {827E0CD3-B72D-47B6-A68D-7590B98EB39B}
		{BE206511-355C-44FD-9E34-BAA81C52CA92} = {0AB3BF05-4346-4AA6-1389-037BE0695223}
	EndGlobalSection
EndGlobal
