
Microsoft Visual Studio Solution File, Format Version 12.00
# Visual Studio Version 17
VisualStudioVersion = 17.14.36518.9
MinimumVisualStudioVersion = 10.0.40219.1
Project("{FAE04EC0-301F-11D3-BF4B-00C04F79EFBC}") = "CatalogAPI.Application", "src\CatalogAPI.Application\CatalogAPI.Application.csproj", "{D2B132D6-E1EF-4DD1-BAB7-465B6AF7BEDB}"
EndProject
Project("{FAE04EC0-301F-11D3-BF4B-00C04F79EFBC}") = "CatalogAPI.Domain", "src\CatalogAPI.Domain\CatalogAPI.Domain.csproj", "{5261E647-A2D4-42BB-9D4C-390B71492964}"
EndProject
Project("{FAE04EC0-301F-11D3-BF4B-00C04F79EFBC}") = "CatalogAPI.Infrastructure", "src\CatalogAPI.Infastructure\CatalogAPI.Infrastructure.csproj", "{4DC4E111-E0EE-4912-A529-1BB0E49762CC}"
EndProject
Project("{FAE04EC0-301F-11D3-BF4B-00C04F79EFBC}") = "Shared", "src\Shared\Shared.csproj", "{A4F6AABA-BF57-4FEF-BA53-C05E2CC2EE0B}"
EndProject
Project("{FAE04EC0-301F-11D3-BF4B-00C04F79EFBC}") = "CatalogAPI.Api", "src\CatalogAPI.Api\CatalogAPI.Api\CatalogAPI.Api.csproj", "{3E24F383-17F4-4307-8A7B-651C7AED9810}"
EndProject
Global
	GlobalSection(SolutionConfigurationPlatforms) = preSolution
		Debug|Any CPU = Debug|Any CPU
		Release|Any CPU = Release|Any CPU
	EndGlobalSection
	GlobalSection(ProjectConfigurationPlatforms) = postSolution
		{D2B132D6-E1EF-4DD1-BAB7-465B6AF7BEDB}.Debug|Any CPU.ActiveCfg = Debug|Any CPU
		{D2B132D6-E1EF-4DD1-BAB7-465B6AF7BEDB}.Debug|Any CPU.Build.0 = Debug|Any CPU
		{D2B132D6-E1EF-4DD1-BAB7-465B6AF7BEDB}.Release|Any CPU.ActiveCfg = Release|Any CPU
		{D2B132D6-E1EF-4DD1-BAB7-465B6AF7BEDB}.Release|Any CPU.Build.0 = Release|Any CPU
		{5261E647-A2D4-42BB-9D4C-390B71492964}.Debug|Any CPU.ActiveCfg = Debug|Any CPU
		{5261E647-A2D4-42BB-9D4C-390B71492964}.Debug|Any CPU.Build.0 = Debug|Any CPU
		{5261E647-A2D4-42BB-9D4C-390B71492964}.Release|Any CPU.ActiveCfg = Release|Any CPU
		{5261E647-A2D4-42BB-9D4C-390B71492964}.Release|Any CPU.Build.0 = Release|Any CPU
		{4DC4E111-E0EE-4912-A529-1BB0E49762CC}.Debug|Any CPU.ActiveCfg = Debug|Any CPU
		{4DC4E111-E0EE-4912-A529-1BB0E49762CC}.Debug|Any CPU.Build.0 = Debug|Any CPU
		{4DC4E111-E0EE-4912-A529-1BB0E49762CC}.Release|Any CPU.ActiveCfg = Release|Any CPU
		{4DC4E111-E0EE-4912-A529-1BB0E49762CC}.Release|Any CPU.Build.0 = Release|Any CPU
		{A4F6AABA-BF57-4FEF-BA53-C05E2CC2EE0B}.Debug|Any CPU.ActiveCfg = Debug|Any CPU
		{A4F6AABA-BF57-4FEF-BA53-C05E2CC2EE0B}.Debug|Any CPU.Build.0 = Debug|Any CPU
		{A4F6AABA-BF57-4FEF-BA53-C05E2CC2EE0B}.Release|Any CPU.ActiveCfg = Release|Any CPU
		{A4F6AABA-BF57-4FEF-BA53-C05E2CC2EE0B}.Release|Any CPU.Build.0 = Release|Any CPU
		{3E24F383-17F4-4307-8A7B-651C7AED9810}.Debug|Any CPU.ActiveCfg = Debug|Any CPU
		{3E24F383-17F4-4307-8A7B-651C7AED9810}.Debug|Any CPU.Build.0 = Debug|Any CPU
		{3E24F383-17F4-4307-8A7B-651C7AED9810}.Release|Any CPU.ActiveCfg = Release|Any CPU
		{3E24F383-17F4-4307-8A7B-651C7AED9810}.Release|Any CPU.Build.0 = Release|Any CPU
	EndGlobalSection
	GlobalSection(SolutionProperties) = preSolution
		HideSolutionNode = FALSE
	EndGlobalSection
	GlobalSection(ExtensibilityGlobals) = postSolution
		SolutionGuid = {82F4AD60-A705-43AD-9B6B-C908290F7EEF}
	EndGlobalSection
EndGlobal
